// !$*UTF8*$!
{
	archiveVersion = 1;
	classes = {
	};
	objectVersion = 46;
	objects = {

/* Begin PBXBuildFile section */
		DD3366021EEAE87400E7657B /* bigint_data_std.cpp in Sources */ = {isa = PBXBuildFile; fileRef = DD3366001EEAE87400E7657B /* bigint_data_std.cpp */; };
		DD9F6EC61EE2D56800980FB0 /* main.cpp in Sources */ = {isa = PBXBuildFile; fileRef = DD9F6EC51EE2D56800980FB0 /* main.cpp */; };
		DD9F6ECE1EE2D64300980FB0 /* big_integer.cpp in Sources */ = {isa = PBXBuildFile; fileRef = DD9F6ECC1EE2D64300980FB0 /* big_integer.cpp */; };
/* End PBXBuildFile section */

/* Begin PBXCopyFilesBuildPhase section */
		DD9F6EC01EE2D56800980FB0 /* CopyFiles */ = {
			isa = PBXCopyFilesBuildPhase;
			buildActionMask = 2147483647;
			dstPath = /usr/share/man/man1/;
			dstSubfolderSpec = 0;
			files = (
			);
			runOnlyForDeploymentPostprocessing = 1;
		};
/* End PBXCopyFilesBuildPhase section */

/* Begin PBXFileReference section */
		DD3366001EEAE87400E7657B /* bigint_data_std.cpp */ = {isa = PBXFileReference; fileEncoding = 4; lastKnownFileType = sourcecode.cpp.cpp; path = bigint_data_std.cpp; sourceTree = "<group>"; };
		DD3366011EEAE87400E7657B /* bigint_data_std.h */ = {isa = PBXFileReference; fileEncoding = 4; lastKnownFileType = sourcecode.c.h; path = bigint_data_std.h; sourceTree = "<group>"; };
		DD9F6EC21EE2D56800980FB0 /* BigintSmallObject */ = {isa = PBXFileReference; explicitFileType = "compiled.mach-o.executable"; includeInIndex = 0; path = BigintSmallObject; sourceTree = BUILT_PRODUCTS_DIR; };
		DD9F6EC51EE2D56800980FB0 /* main.cpp */ = {isa = PBXFileReference; lastKnownFileType = sourcecode.cpp.cpp; path = main.cpp; sourceTree = "<group>"; };
		DD9F6ECC1EE2D64300980FB0 /* big_integer.cpp */ = {isa = PBXFileReference; fileEncoding = 4; lastKnownFileType = sourcecode.cpp.cpp; path = big_integer.cpp; sourceTree = "<group>"; };
		DD9F6ECD1EE2D64300980FB0 /* big_integer.h */ = {isa = PBXFileReference; fileEncoding = 4; lastKnownFileType = sourcecode.c.h; path = big_integer.h; sourceTree = "<group>"; };
		DDA7ECA21EE2ECAD00AE1418 /* bigint_data.h */ = {isa = PBXFileReference; fileEncoding = 4; lastKnownFileType = sourcecode.c.h; path = bigint_data.h; sourceTree = "<group>"; };
/* End PBXFileReference section */

/* Begin PBXFrameworksBuildPhase section */
		DD9F6EBF1EE2D56800980FB0 /* Frameworks */ = {
			isa = PBXFrameworksBuildPhase;
			buildActionMask = 2147483647;
			files = (
			);
			runOnlyForDeploymentPostprocessing = 0;
		};
/* End PBXFrameworksBuildPhase section */

/* Begin PBXGroup section */
		DD9F6EB91EE2D56800980FB0 = {
			isa = PBXGroup;
			children = (
				DD9F6EC41EE2D56800980FB0 /* BigintSmallObject */,
				DD9F6EC31EE2D56800980FB0 /* Products */,
			);
			sourceTree = "<group>";
		};
		DD9F6EC31EE2D56800980FB0 /* Products */ = {
			isa = PBXGroup;
			children = (
				DD9F6EC21EE2D56800980FB0 /* BigintSmallObject */,
			);
			name = Products;
			sourceTree = "<group>";
		};
		DD9F6EC41EE2D56800980FB0 /* BigintSmallObject */ = {
			isa = PBXGroup;
			children = (
				DD9F6ECC1EE2D64300980FB0 /* big_integer.cpp */,
				DD9F6ECD1EE2D64300980FB0 /* big_integer.h */,
				DD9F6EC51EE2D56800980FB0 /* main.cpp */,
				DDA7ECA21EE2ECAD00AE1418 /* bigint_data.h */,
				DD3366001EEAE87400E7657B /* bigint_data_std.cpp */,
				DD3366011EEAE87400E7657B /* bigint_data_std.h */,
			);
			path = BigintSmallObject;
			sourceTree = "<group>";
		};
/* End PBXGroup section */

/* Begin PBXNativeTarget section */
		DD9F6EC11EE2D56800980FB0 /* BigintSmallObject */ = {
			isa = PBXNativeTarget;
			buildConfigurationList = DD9F6EC91EE2D56800980FB0 /* Build configuration list for PBXNativeTarget "BigintSmallObject" */;
			buildPhases = (
				DD9F6EBE1EE2D56800980FB0 /* Sources */,
				DD9F6EBF1EE2D56800980FB0 /* Frameworks */,
				DD9F6EC01EE2D56800980FB0 /* CopyFiles */,
			);
			buildRules = (
			);
			dependencies = (
			);
			name = BigintSmallObject;
			productName = BigintSmallObject;
			productReference = DD9F6EC21EE2D56800980FB0 /* BigintSmallObject */;
			productType = "com.apple.product-type.tool";
		};
/* End PBXNativeTarget section */

/* Begin PBXProject section */
		DD9F6EBA1EE2D56800980FB0 /* Project object */ = {
			isa = PBXProject;
			attributes = {
				LastUpgradeCheck = 0830;
				ORGANIZATIONNAME = Vadim;
				TargetAttributes = {
					DD9F6EC11EE2D56800980FB0 = {
						CreatedOnToolsVersion = 8.3.2;
						ProvisioningStyle = Automatic;
					};
				};
			};
			buildConfigurationList = DD9F6EBD1EE2D56800980FB0 /* Build configuration list for PBXProject "BigintSmallObject" */;
			compatibilityVersion = "Xcode 3.2";
			developmentRegion = English;
			hasScannedForEncodings = 0;
			knownRegions = (
				en,
			);
			mainGroup = DD9F6EB91EE2D56800980FB0;
			productRefGroup = DD9F6EC31EE2D56800980FB0 /* Products */;
			projectDirPath = "";
			projectRoot = "";
			targets = (
				DD9F6EC11EE2D56800980FB0 /* BigintSmallObject */,
			);
		};
/* End PBXProject section */

/* Begin PBXSourcesBuildPhase section */
		DD9F6EBE1EE2D56800980FB0 /* Sources */ = {
			isa = PBXSourcesBuildPhase;
			buildActionMask = 2147483647;
			files = (
				DD9F6EC61EE2D56800980FB0 /* main.cpp in Sources */,
				DD3366021EEAE87400E7657B /* bigint_data_std.cpp in Sources */,
				DD9F6ECE1EE2D64300980FB0 /* big_integer.cpp in Sources */,
			);
			runOnlyForDeploymentPostprocessing = 0;
		};
/* End PBXSourcesBuildPhase section */

/* Begin XCBuildConfiguration section */
		DD9F6EC71EE2D56800980FB0 /* Debug */ = {
			isa = XCBuildConfiguration;
			buildSettings = {
				ALWAYS_SEARCH_USER_PATHS = NO;
				CLANG_ANALYZER_NONNULL = YES;
				CLANG_ANALYZER_NUMBER_OBJECT_CONVERSION = YES_AGGRESSIVE;
				CLANG_CXX_LANGUAGE_STANDARD = "gnu++0x";
				CLANG_CXX_LIBRARY = "libc++";
				CLANG_ENABLE_MODULES = YES;
				CLANG_ENABLE_OBJC_ARC = YES;
				CLANG_WARN_BOOL_CONVERSION = YES;
				CLANG_WARN_CONSTANT_CONVERSION = YES;
				CLANG_WARN_DIRECT_OBJC_ISA_USAGE = YES_ERROR;
				CLANG_WARN_DOCUMENTATION_COMMENTS = YES;
				CLANG_WARN_EMPTY_BODY = YES;
				CLANG_WARN_ENUM_CONVERSION = YES;
				CLANG_WARN_INFINITE_RECURSION = YES;
				CLANG_WARN_INT_CONVERSION = YES;
				CLANG_WARN_OBJC_ROOT_CLASS = YES_ERROR;
				CLANG_WARN_SUSPICIOUS_MOVE = YES;
				CLANG_WARN_UNREACHABLE_CODE = YES;
				CLANG_WARN__DUPLICATE_METHOD_MATCH = YES;
				CODE_SIGN_IDENTITY = "-";
				COPY_PHASE_STRIP = NO;
				DEBUG_INFORMATION_FORMAT = dwarf;
				ENABLE_STRICT_OBJC_MSGSEND = YES;
				ENABLE_TESTABILITY = YES;
				GCC_C_LANGUAGE_STANDARD = gnu99;
				GCC_DYNAMIC_NO_PIC = NO;
				GCC_NO_COMMON_BLOCKS = YES;
				GCC_OPTIMIZATION_LEVEL = 0;
				GCC_PREPROCESSOR_DEFINITIONS = (
					"DEBUG=1",
					"$(inherited)",
				);
				GCC_WARN_64_TO_32_BIT_CONVERSION = YES;
				GCC_WARN_ABOUT_RETURN_TYPE = YES_ERROR;
				GCC_WARN_UNDECLARED_SELECTOR = YES;
				GCC_WARN_UNINITIALIZED_AUTOS = YES_AGGRESSIVE;
				GCC_WARN_UNUSED_FUNCTION = YES;
				GCC_WARN_UNUSED_VARIABLE = YES;
				MACOSX_DEPLOYMENT_TARGET = 10.12;
				MTL_ENABLE_DEBUG_INFO = YES;
				ONLY_ACTIVE_ARCH = YES;
				SDKROOT = macosx;
			};
			name = Debug;
		};
		DD9F6EC81EE2D56800980FB0 /* Release */ = {
			isa = XCBuildConfiguration;
			buildSettings = {
				ALWAYS_SEARCH_USER_PATHS = NO;
				CLANG_ANALYZER_NONNULL = YES;
				CLANG_ANALYZER_NUMBER_OBJECT_CONVERSION = YES_AGGRESSIVE;
				CLANG_CXX_LANGUAGE_STANDARD = "gnu++0x";
				CLANG_CXX_LIBRARY = "libc++";
				CLANG_ENABLE_MODULES = YES;
				CLANG_ENABLE_OBJC_ARC = YES;
				CLANG_WARN_BOOL_CONVERSION = YES;
				CLANG_WARN_CONSTANT_CONVERSION = YES;
				CLANG_WARN_DIRECT_OBJC_ISA_USAGE = YES_ERROR;
				CLANG_WARN_DOCUMENTATION_COMMENTS = YES;
				CLANG_WARN_EMPTY_BODY = YES;
				CLANG_WARN_ENUM_CONVERSION = YES;
				CLANG_WARN_INFINITE_RECURSION = YES;
				CLANG_WARN_INT_CONVERSION = YES;
				CLANG_WARN_OBJC_ROOT_CLASS = YES_ERROR;
				CLANG_WARN_SUSPICIOUS_MOVE = YES;
				CLANG_WARN_UNREACHABLE_CODE = YES;
				CLANG_WARN__DUPLICATE_METHOD_MATCH = YES;
				CODE_SIGN_IDENTITY = "-";
				COPY_PHASE_STRIP = NO;
				DEBUG_INFORMATION_FORMAT = "dwarf-with-dsym";
				ENABLE_NS_ASSERTIONS = NO;
				ENABLE_STRICT_OBJC_MSGSEND = YES;
				GCC_C_LANGUAGE_STANDARD = gnu99;
				GCC_NO_COMMON_BLOCKS = YES;
				GCC_WARN_64_TO_32_BIT_CONVERSION = YES;
				GCC_WARN_ABOUT_RETURN_TYPE = YES_ERROR;
				GCC_WARN_UNDECLARED_SELECTOR = YES;
				GCC_WARN_UNINITIALIZED_AUTOS = YES_AGGRESSIVE;
				GCC_WARN_UNUSED_FUNCTION = YES;
				GCC_WARN_UNUSED_VARIABLE = YES;
				MACOSX_DEPLOYMENT_TARGET = 10.12;
				MTL_ENABLE_DEBUG_INFO = NO;
				SDKROOT = macosx;
			};
			name = Release;
		};
		DD9F6ECA1EE2D56800980FB0 /* Debug */ = {
			isa = XCBuildConfiguration;
			buildSettings = {
				PRODUCT_NAME = "$(TARGET_NAME)";
			};
			name = Debug;
		};
		DD9F6ECB1EE2D56800980FB0 /* Release */ = {
			isa = XCBuildConfiguration;
			buildSettings = {
				PRODUCT_NAME = "$(TARGET_NAME)";
			};
			name = Release;
		};
/* End XCBuildConfiguration section */

/* Begin XCConfigurationList section */
		DD9F6EBD1EE2D56800980FB0 /* Build configuration list for PBXProject "BigintSmallObject" */ = {
			isa = XCConfigurationList;
			buildConfigurations = (
				DD9F6EC71EE2D56800980FB0 /* Debug */,
				DD9F6EC81EE2D56800980FB0 /* Release */,
			);
			defaultConfigurationIsVisible = 0;
			defaultConfigurationName = Release;
		};
		DD9F6EC91EE2D56800980FB0 /* Build configuration list for PBXNativeTarget "BigintSmallObject" */ = {
			isa = XCConfigurationList;
			buildConfigurations = (
				DD9F6ECA1EE2D56800980FB0 /* Debug */,
				DD9F6ECB1EE2D56800980FB0 /* Release */,
			);
			defaultConfigurationIsVisible = 0;
			defaultConfigurationName = Release;
		};
/* End XCConfigurationList section */
	};
	rootObject = DD9F6EBA1EE2D56800980FB0 /* Project object */;
}
